
Microsoft Visual Studio Solution File, Format Version 11.00
# Visual Studio 2010
Project("{FAE04EC0-301F-11D3-BF4B-00C04F79EFBC}") = "DLighted", "DLighted\DLighted.csproj", "{94D5938E-AEE0-4FF1-8822-2FD2793AA75D}"
EndProject
Project("{FAE04EC0-301F-11D3-BF4B-00C04F79EFBC}") = "Database", "Database\Database.csproj", "{FCAEA485-B732-4FD0-8E58-F3EB966B0CF6}"
EndProject
Project("{54435603-DBB4-11D2-8724-00A0C9A8B90C}") = "DLightedInstaller", "DLightedInstaller\DLightedInstaller.vdproj", "{BA1C66A9-7B57-4E3E-980C-410BBC1A6F33}"
EndProject
Global
	GlobalSection(SolutionConfigurationPlatforms) = preSolution
		Debug|Any CPU = Debug|Any CPU
		Debug|Mixed Platforms = Debug|Mixed Platforms
		Debug|x64 = Debug|x64
		Debug|x86 = Debug|x86
		Release|Any CPU = Release|Any CPU
		Release|Mixed Platforms = Release|Mixed Platforms
		Release|x64 = Release|x64
		Release|x86 = Release|x86
	EndGlobalSection
	GlobalSection(ProjectConfigurationPlatforms) = postSolution
		{94D5938E-AEE0-4FF1-8822-2FD2793AA75D}.Debug|Any CPU.ActiveCfg = Debug|Any CPU
		{94D5938E-AEE0-4FF1-8822-2FD2793AA75D}.Debug|Any CPU.Build.0 = Debug|Any CPU
		{94D5938E-AEE0-4FF1-8822-2FD2793AA75D}.Debug|Mixed Platforms.ActiveCfg = Debug|x86
		{94D5938E-AEE0-4FF1-8822-2FD2793AA75D}.Debug|Mixed Platforms.Build.0 = Debug|x86
		{94D5938E-AEE0-4FF1-8822-2FD2793AA75D}.Debug|x64.ActiveCfg = Debug|x64
		{94D5938E-AEE0-4FF1-8822-2FD2793AA75D}.Debug|x64.Build.0 = Debug|x64
		{94D5938E-AEE0-4FF1-8822-2FD2793AA75D}.Debug|x86.ActiveCfg = Debug|x86
		{94D5938E-AEE0-4FF1-8822-2FD2793AA75D}.Debug|x86.Build.0 = Debug|x86
		{94D5938E-AEE0-4FF1-8822-2FD2793AA75D}.Release|Any CPU.ActiveCfg = Release|x86
		{94D5938E-AEE0-4FF1-8822-2FD2793AA75D}.Release|Any CPU.Build.0 = Release|x86
		{94D5938E-AEE0-4FF1-8822-2FD2793AA75D}.Release|Mixed Platforms.ActiveCfg = Release|Any CPU
		{94D5938E-AEE0-4FF1-8822-2FD2793AA75D}.Release|Mixed Platforms.Build.0 = Release|Any CPU
		{94D5938E-AEE0-4FF1-8822-2FD2793AA75D}.Release|x64.ActiveCfg = Release|x64
		{94D5938E-AEE0-4FF1-8822-2FD2793AA75D}.Release|x64.Build.0 = Release|x64
		{94D5938E-AEE0-4FF1-8822-2FD2793AA75D}.Release|x86.ActiveCfg = Release|x86
		{94D5938E-AEE0-4FF1-8822-2FD2793AA75D}.Release|x86.Build.0 = Release|x86
		{FCAEA485-B732-4FD0-8E58-F3EB966B0CF6}.Debug|Any CPU.ActiveCfg = Debug|Any CPU
		{FCAEA485-B732-4FD0-8E58-F3EB966B0CF6}.Debug|Any CPU.Build.0 = Debug|Any CPU
		{FCAEA485-B732-4FD0-8E58-F3EB966B0CF6}.Debug|Mixed Platforms.ActiveCfg = Debug|Any CPU
		{FCAEA485-B732-4FD0-8E58-F3EB966B0CF6}.Debug|Mixed Platforms.Build.0 = Debug|Any CPU
		{FCAEA485-B732-4FD0-8E58-F3EB966B0CF6}.Debug|x64.ActiveCfg = Debug|x64
		{FCAEA485-B732-4FD0-8E58-F3EB966B0CF6}.Debug|x64.Build.0 = Debug|x64
		{FCAEA485-B732-4FD0-8E58-F3EB966B0CF6}.Debug|x86.ActiveCfg = Debug|x86
		{FCAEA485-B732-4FD0-8E58-F3EB966B0CF6}.Debug|x86.Build.0 = Debug|x86
		{FCAEA485-B732-4FD0-8E58-F3EB966B0CF6}.Release|Any CPU.ActiveCfg = Release|Any CPU
		{FCAEA485-B732-4FD0-8E58-F3EB966B0CF6}.Release|Any CPU.Build.0 = Release|Any CPU
		{FCAEA485-B732-4FD0-8E58-F3EB966B0CF6}.Release|Mixed Platforms.ActiveCfg = Release|Any CPU
		{FCAEA485-B732-4FD0-8E58-F3EB966B0CF6}.Release|Mixed Platforms.Build.0 = Release|Any CPU
		{FCAEA485-B732-4FD0-8E58-F3EB966B0CF6}.Release|x64.ActiveCfg = Release|x64
		{FCAEA485-B732-4FD0-8E58-F3EB966B0CF6}.Release|x64.Build.0 = Release|x64
		{FCAEA485-B732-4FD0-8E58-F3EB966B0CF6}.Release|x86.ActiveCfg = Release|x86
		{FCAEA485-B732-4FD0-8E58-F3EB966B0CF6}.Release|x86.Build.0 = Release|x86
		{BA1C66A9-7B57-4E3E-980C-410BBC1A6F33}.Debug|Any CPU.ActiveCfg = Debug
		{BA1C66A9-7B57-4E3E-980C-410BBC1A6F33}.Debug|Mixed Platforms.ActiveCfg = Debug
		{BA1C66A9-7B57-4E3E-980C-410BBC1A6F33}.Debug|x64.ActiveCfg = Debug
		{BA1C66A9-7B57-4E3E-980C-410BBC1A6F33}.Debug|x86.ActiveCfg = Debug
		{BA1C66A9-7B57-4E3E-980C-410BBC1A6F33}.Release|Any CPU.ActiveCfg = Release
		{BA1C66A9-7B57-4E3E-980C-410BBC1A6F33}.Release|Mixed Platforms.ActiveCfg = Release
		{BA1C66A9-7B57-4E3E-980C-410BBC1A6F33}.Release|x64.ActiveCfg = Release
		{BA1C66A9-7B57-4E3E-980C-410BBC1A6F33}.Release|x64.Build.0 = Release
		{BA1C66A9-7B57-4E3E-980C-410BBC1A6F33}.Release|x86.ActiveCfg = Release
	EndGlobalSection
	GlobalSection(SolutionProperties) = preSolution
		HideSolutionNode = FALSE
	EndGlobalSection
EndGlobal
